
Microsoft Visual Studio Solution File, Format Version 12.00
# Visual Studio 15
VisualStudioVersion = 15.0.28307.902
MinimumVisualStudioVersion = 10.0.40219.1
Project("{FAE04EC0-301F-11D3-BF4B-00C04F79EFBC}") = "ProcessFiles", "ProcessFiles\ProcessFiles.csproj", "{36379D91-B18B-4790-8A38-D4F2E02C5AA3}"
EndProject
Global
	GlobalSection(SolutionConfigurationPlatforms) = preSolution
		Debug|Any CPU = Debug|Any CPU
		Release|Any CPU = Release|Any CPU
	EndGlobalSection
	GlobalSection(ProjectConfigurationPlatforms) = postSolution
		{36379D91-B18B-4790-8A38-D4F2E02C5AA3}.Debug|Any CPU.ActiveCfg = Debug|Any CPU
		{36379D91-B18B-4790-8A38-D4F2E02C5AA3}.Debug|Any CPU.Build.0 = Debug|Any CPU
		{36379D91-B18B-4790-8A38-D4F2E02C5AA3}.Release|Any CPU.ActiveCfg = Release|Any CPU
		{36379D91-B18B-4790-8A38-D4F2E02C5AA3}.Release|Any CPU.Build.0 = Release|Any CPU
	EndGlobalSection
	GlobalSection(SolutionProperties) = preSolution
		HideSolutionNode = FALSE
	EndGlobalSection
	GlobalSection(ExtensibilityGlobals) = postSolution
		SolutionGuid = {2B58305A-8FC1-4360-959A-736C3B62F39E}
	EndGlobalSection
EndGlobal
